// !$*UTF8*$!
{
	archiveVersion = 1;
	classes = {
	};
	objectVersion = 50;
	objects = {

/* Begin PBXBuildFile section */
		EA28591C20FE577E001F0FFD /* SecondViewController.m in Sources */ = {isa = PBXBuildFile; fileRef = EA28591B20FE577E001F0FFD /* SecondViewController.m */; };
		EAB9940820F5597700E9035A /* AppDelegate.m in Sources */ = {isa = PBXBuildFile; fileRef = EAB9940720F5597700E9035A /* AppDelegate.m */; };
		EAB9940B20F5597700E9035A /* ViewController.m in Sources */ = {isa = PBXBuildFile; fileRef = EAB9940A20F5597700E9035A /* ViewController.m */; };
		EAB9941020F5597A00E9035A /* Assets.xcassets in Resources */ = {isa = PBXBuildFile; fileRef = EAB9940F20F5597A00E9035A /* Assets.xcassets */; };
		EAB9941620F5597A00E9035A /* main.m in Sources */ = {isa = PBXBuildFile; fileRef = EAB9941520F5597A00E9035A /* main.m */; };
		EAB9942020F5597B00E9035A /* iOS_samplesTests.m in Sources */ = {isa = PBXBuildFile; fileRef = EAB9941F20F5597B00E9035A /* iOS_samplesTests.m */; };
		EAB9942B20F5597B00E9035A /* iOS_samplesUITests.m in Sources */ = {isa = PBXBuildFile; fileRef = EAB9942A20F5597B00E9035A /* iOS_samplesUITests.m */; };
/* End PBXBuildFile section */

/* Begin PBXContainerItemProxy section */
		EAB9941C20F5597B00E9035A /* PBXContainerItemProxy */ = {
			isa = PBXContainerItemProxy;
			containerPortal = EAB993FB20F5597700E9035A /* Project object */;
			proxyType = 1;
			remoteGlobalIDString = EAB9940220F5597700E9035A;
			remoteInfo = "iOS-samples";
		};
		EAB9942720F5597B00E9035A /* PBXContainerItemProxy */ = {
			isa = PBXContainerItemProxy;
			containerPortal = EAB993FB20F5597700E9035A /* Project object */;
			proxyType = 1;
			remoteGlobalIDString = EAB9940220F5597700E9035A;
			remoteInfo = "iOS-samples";
		};
/* End PBXContainerItemProxy section */

/* Begin PBXFileReference section */
		EA28591B20FE577E001F0FFD /* SecondViewController.m */ = {isa = PBXFileReference; lastKnownFileType = sourcecode.c.objc; path = SecondViewController.m; sourceTree = "<group>"; };
		EA28591D20FE5796001F0FFD /* SecondViewController.h */ = {isa = PBXFileReference; lastKnownFileType = sourcecode.c.h; path = SecondViewController.h; sourceTree = "<group>"; };
		EAB9940320F5597700E9035A /* iOS-samples.app */ = {isa = PBXFileReference; explicitFileType = wrapper.application; includeInIndex = 0; path = "iOS-samples.app"; sourceTree = BUILT_PRODUCTS_DIR; };
		EAB9940620F5597700E9035A /* AppDelegate.h */ = {isa = PBXFileReference; lastKnownFileType = sourcecode.c.h; path = AppDelegate.h; sourceTree = "<group>"; };
		EAB9940720F5597700E9035A /* AppDelegate.m */ = {isa = PBXFileReference; lastKnownFileType = sourcecode.c.objc; path = AppDelegate.m; sourceTree = "<group>"; };
		EAB9940920F5597700E9035A /* ViewController.h */ = {isa = PBXFileReference; lastKnownFileType = sourcecode.c.h; path = ViewController.h; sourceTree = "<group>"; };
		EAB9940A20F5597700E9035A /* ViewController.m */ = {isa = PBXFileReference; lastKnownFileType = sourcecode.c.objc; path = ViewController.m; sourceTree = "<group>"; };
		EAB9940F20F5597A00E9035A /* Assets.xcassets */ = {isa = PBXFileReference; lastKnownFileType = folder.assetcatalog; path = Assets.xcassets; sourceTree = "<group>"; };
		EAB9941420F5597A00E9035A /* Info.plist */ = {isa = PBXFileReference; lastKnownFileType = text.plist.xml; path = Info.plist; sourceTree = "<group>"; };
		EAB9941520F5597A00E9035A /* main.m */ = {isa = PBXFileReference; lastKnownFileType = sourcecode.c.objc; path = main.m; sourceTree = "<group>"; };
		EAB9941B20F5597B00E9035A /* iOS-samplesTests.xctest */ = {isa = PBXFileReference; explicitFileType = wrapper.cfbundle; includeInIndex = 0; path = "iOS-samplesTests.xctest"; sourceTree = BUILT_PRODUCTS_DIR; };
		EAB9941F20F5597B00E9035A /* iOS_samplesTests.m */ = {isa = PBXFileReference; lastKnownFileType = sourcecode.c.objc; path = iOS_samplesTests.m; sourceTree = "<group>"; };
		EAB9942120F5597B00E9035A /* Info.plist */ = {isa = PBXFileReference; lastKnownFileType = text.plist.xml; path = Info.plist; sourceTree = "<group>"; };
		EAB9942620F5597B00E9035A /* iOS-samplesUITests.xctest */ = {isa = PBXFileReference; explicitFileType = wrapper.cfbundle; includeInIndex = 0; path = "iOS-samplesUITests.xctest"; sourceTree = BUILT_PRODUCTS_DIR; };
		EAB9942A20F5597B00E9035A /* iOS_samplesUITests.m */ = {isa = PBXFileReference; lastKnownFileType = sourcecode.c.objc; path = iOS_samplesUITests.m; sourceTree = "<group>"; };
		EAB9942C20F5597B00E9035A /* Info.plist */ = {isa = PBXFileReference; lastKnownFileType = text.plist.xml; path = Info.plist; sourceTree = "<group>"; };
/* End PBXFileReference section */

/* Begin PBXFrameworksBuildPhase section */
		EAB9940020F5597700E9035A /* Frameworks */ = {
			isa = PBXFrameworksBuildPhase;
			buildActionMask = 2147483647;
			files = (
			);
			runOnlyForDeploymentPostprocessing = 0;
		};
		EAB9941820F5597B00E9035A /* Frameworks */ = {
			isa = PBXFrameworksBuildPhase;
			buildActionMask = 2147483647;
			files = (
			);
			runOnlyForDeploymentPostprocessing = 0;
		};
		EAB9942320F5597B00E9035A /* Frameworks */ = {
			isa = PBXFrameworksBuildPhase;
			buildActionMask = 2147483647;
			files = (
			);
			runOnlyForDeploymentPostprocessing = 0;
		};
/* End PBXFrameworksBuildPhase section */

/* Begin PBXGroup section */
		EAB993FA20F5597700E9035A = {
			isa = PBXGroup;
			children = (
				EAB9940520F5597700E9035A /* iOS-samples */,
				EAB9941E20F5597B00E9035A /* iOS-samplesTests */,
				EAB9942920F5597B00E9035A /* iOS-samplesUITests */,
				EAB9940420F5597700E9035A /* Products */,
			);
			sourceTree = "<group>";
		};
		EAB9940420F5597700E9035A /* Products */ = {
			isa = PBXGroup;
			children = (
				EAB9940320F5597700E9035A /* iOS-samples.app */,
				EAB9941B20F5597B00E9035A /* iOS-samplesTests.xctest */,
				EAB9942620F5597B00E9035A /* iOS-samplesUITests.xctest */,
			);
			name = Products;
			sourceTree = "<group>";
		};
		EAB9940520F5597700E9035A /* iOS-samples */ = {
			isa = PBXGroup;
			children = (
				EAB9940620F5597700E9035A /* AppDelegate.h */,
				EAB9940720F5597700E9035A /* AppDelegate.m */,
				EAB9940920F5597700E9035A /* ViewController.h */,
				EAB9940A20F5597700E9035A /* ViewController.m */,
				EAB9940F20F5597A00E9035A /* Assets.xcassets */,
				EAB9941420F5597A00E9035A /* Info.plist */,
				EAB9941520F5597A00E9035A /* main.m */,
				EA28591B20FE577E001F0FFD /* SecondViewController.m */,
				EA28591D20FE5796001F0FFD /* SecondViewController.h */,
			);
			path = "iOS-samples";
			sourceTree = "<group>";
		};
		EAB9941E20F5597B00E9035A /* iOS-samplesTests */ = {
			isa = PBXGroup;
			children = (
				EAB9941F20F5597B00E9035A /* iOS_samplesTests.m */,
				EAB9942120F5597B00E9035A /* Info.plist */,
			);
			path = "iOS-samplesTests";
			sourceTree = "<group>";
		};
		EAB9942920F5597B00E9035A /* iOS-samplesUITests */ = {
			isa = PBXGroup;
			children = (
				EAB9942A20F5597B00E9035A /* iOS_samplesUITests.m */,
				EAB9942C20F5597B00E9035A /* Info.plist */,
			);
			path = "iOS-samplesUITests";
			sourceTree = "<group>";
		};
/* End PBXGroup section */

/* Begin PBXNativeTarget section */
		EAB9940220F5597700E9035A /* iOS-samples */ = {
			isa = PBXNativeTarget;
			buildConfigurationList = EAB9942F20F5597B00E9035A /* Build configuration list for PBXNativeTarget "iOS-samples" */;
			buildPhases = (
				EAB993FF20F5597700E9035A /* Sources */,
				EAB9940020F5597700E9035A /* Frameworks */,
				EAB9940120F5597700E9035A /* Resources */,
			);
			buildRules = (
			);
			dependencies = (
			);
			name = "iOS-samples";
			productName = "iOS-samples";
			productReference = EAB9940320F5597700E9035A /* iOS-samples.app */;
			productType = "com.apple.product-type.application";
		};
		EAB9941A20F5597B00E9035A /* iOS-samplesTests */ = {
			isa = PBXNativeTarget;
			buildConfigurationList = EAB9943220F5597B00E9035A /* Build configuration list for PBXNativeTarget "iOS-samplesTests" */;
			buildPhases = (
				EAB9941720F5597B00E9035A /* Sources */,
				EAB9941820F5597B00E9035A /* Frameworks */,
				EAB9941920F5597B00E9035A /* Resources */,
			);
			buildRules = (
			);
			dependencies = (
				EAB9941D20F5597B00E9035A /* PBXTargetDependency */,
			);
			name = "iOS-samplesTests";
			productName = "iOS-samplesTests";
			productReference = EAB9941B20F5597B00E9035A /* iOS-samplesTests.xctest */;
			productType = "com.apple.product-type.bundle.unit-test";
		};
		EAB9942520F5597B00E9035A /* iOS-samplesUITests */ = {
			isa = PBXNativeTarget;
			buildConfigurationList = EAB9943520F5597B00E9035A /* Build configuration list for PBXNativeTarget "iOS-samplesUITests" */;
			buildPhases = (
				EAB9942220F5597B00E9035A /* Sources */,
				EAB9942320F5597B00E9035A /* Frameworks */,
				EAB9942420F5597B00E9035A /* Resources */,
			);
			buildRules = (
			);
			dependencies = (
				EAB9942820F5597B00E9035A /* PBXTargetDependency */,
			);
			name = "iOS-samplesUITests";
			productName = "iOS-samplesUITests";
			productReference = EAB9942620F5597B00E9035A /* iOS-samplesUITests.xctest */;
			productType = "com.apple.product-type.bundle.ui-testing";
		};
/* End PBXNativeTarget section */

/* Begin PBXProject section */
		EAB993FB20F5597700E9035A /* Project object */ = {
			isa = PBXProject;
			attributes = {
				LastUpgradeCheck = 0940;
				ORGANIZATIONNAME = y.naito;
				TargetAttributes = {
					EAB9940220F5597700E9035A = {
						CreatedOnToolsVersion = 9.4.1;
					};
					EAB9941A20F5597B00E9035A = {
						CreatedOnToolsVersion = 9.4.1;
						TestTargetID = EAB9940220F5597700E9035A;
					};
					EAB9942520F5597B00E9035A = {
						CreatedOnToolsVersion = 9.4.1;
						TestTargetID = EAB9940220F5597700E9035A;
					};
				};
			};
			buildConfigurationList = EAB993FE20F5597700E9035A /* Build configuration list for PBXProject "iOS-samples" */;
			compatibilityVersion = "Xcode 9.3";
			developmentRegion = en;
			hasScannedForEncodings = 0;
			knownRegions = (
				en,
				Base,
			);
			mainGroup = EAB993FA20F5597700E9035A;
			productRefGroup = EAB9940420F5597700E9035A /* Products */;
			projectDirPath = "";
			projectRoot = "";
			targets = (
				EAB9940220F5597700E9035A /* iOS-samples */,
				EAB9941A20F5597B00E9035A /* iOS-samplesTests */,
				EAB9942520F5597B00E9035A /* iOS-samplesUITests */,
			);
		};
/* End PBXProject section */

/* Begin PBXResourcesBuildPhase section */
		EAB9940120F5597700E9035A /* Resources */ = {
			isa = PBXResourcesBuildPhase;
			buildActionMask = 2147483647;
			files = (
				EAB9941020F5597A00E9035A /* Assets.xcassets in Resources */,
			);
			runOnlyForDeploymentPostprocessing = 0;
		};
		EAB9941920F5597B00E9035A /* Resources */ = {
			isa = PBXResourcesBuildPhase;
			buildActionMask = 2147483647;
			files = (
			);
			runOnlyForDeploymentPostprocessing = 0;
		};
		EAB9942420F5597B00E9035A /* Resources */ = {
			isa = PBXResourcesBuildPhase;
			buildActionMask = 2147483647;
			files = (
			);
			runOnlyForDeploymentPostprocessing = 0;
		};
/* End PBXResourcesBuildPhase section */

/* Begin PBXSourcesBuildPhase section */
		EAB993FF20F5597700E9035A /* Sources */ = {
			isa = PBXSourcesBuildPhase;
			buildActionMask = 2147483647;
			files = (
				EA28591C20FE577E001F0FFD /* SecondViewController.m in Sources */,
				EAB9940B20F5597700E9035A /* ViewController.m in Sources */,
				EAB9941620F5597A00E9035A /* main.m in Sources */,
				EAB9940820F5597700E9035A /* AppDelegate.m in Sources */,
			);
			runOnlyForDeploymentPostprocessing = 0;
		};
		EAB9941720F5597B00E9035A /* Sources */ = {
			isa = PBXSourcesBuildPhase;
			buildActionMask = 2147483647;
			files = (
				EAB9942020F5597B00E9035A /* iOS_samplesTests.m in Sources */,
			);
			runOnlyForDeploymentPostprocessing = 0;
		};
		EAB9942220F5597B00E9035A /* Sources */ = {
			isa = PBXSourcesBuildPhase;
			buildActionMask = 2147483647;
			files = (
				EAB9942B20F5597B00E9035A /* iOS_samplesUITests.m in Sources */,
			);
			runOnlyForDeploymentPostprocessing = 0;
		};
/* End PBXSourcesBuildPhase section */

/* Begin PBXTargetDependency section */
		EAB9941D20F5597B00E9035A /* PBXTargetDependency */ = {
			isa = PBXTargetDependency;
			target = EAB9940220F5597700E9035A /* iOS-samples */;
			targetProxy = EAB9941C20F5597B00E9035A /* PBXContainerItemProxy */;
		};
		EAB9942820F5597B00E9035A /* PBXTargetDependency */ = {
			isa = PBXTargetDependency;
			target = EAB9940220F5597700E9035A /* iOS-samples */;
			targetProxy = EAB9942720F5597B00E9035A /* PBXContainerItemProxy */;
		};
/* End PBXTargetDependency section */

/* Begin XCBuildConfiguration section */
		EAB9942D20F5597B00E9035A /* Debug */ = {
			isa = XCBuildConfiguration;
			buildSettings = {
				ALWAYS_SEARCH_USER_PATHS = NO;
				CLANG_ANALYZER_NONNULL = YES;
				CLANG_ANALYZER_NUMBER_OBJECT_CONVERSION = YES_AGGRESSIVE;
				CLANG_CXX_LANGUAGE_STANDARD = "gnu++14";
				CLANG_CXX_LIBRARY = "libc++";
				CLANG_ENABLE_MODULES = YES;
				CLANG_ENABLE_OBJC_ARC = YES;
				CLANG_ENABLE_OBJC_WEAK = YES;
				CLANG_WARN_BLOCK_CAPTURE_AUTORELEASING = YES;
				CLANG_WARN_BOOL_CONVERSION = YES;
				CLANG_WARN_COMMA = YES;
				CLANG_WARN_CONSTANT_CONVERSION = YES;
				CLANG_WARN_DEPRECATED_OBJC_IMPLEMENTATIONS = YES;
				CLANG_WARN_DIRECT_OBJC_ISA_USAGE = YES_ERROR;
				CLANG_WARN_DOCUMENTATION_COMMENTS = YES;
				CLANG_WARN_EMPTY_BODY = YES;
				CLANG_WARN_ENUM_CONVERSION = YES;
				CLANG_WARN_INFINITE_RECURSION = YES;
				CLANG_WARN_INT_CONVERSION = YES;
				CLANG_WARN_NON_LITERAL_NULL_CONVERSION = YES;
				CLANG_WARN_OBJC_IMPLICIT_RETAIN_SELF = YES;
				CLANG_WARN_OBJC_LITERAL_CONVERSION = YES;
				CLANG_WARN_OBJC_ROOT_CLASS = YES_ERROR;
				CLANG_WARN_RANGE_LOOP_ANALYSIS = YES;
				CLANG_WARN_STRICT_PROTOTYPES = YES;
				CLANG_WARN_SUSPICIOUS_MOVE = YES;
				CLANG_WARN_UNGUARDED_AVAILABILITY = YES_AGGRESSIVE;
				CLANG_WARN_UNREACHABLE_CODE = YES;
				CLANG_WARN__DUPLICATE_METHOD_MATCH = YES;
				CODE_SIGN_IDENTITY = "iPhone Developer";
				COPY_PHASE_STRIP = NO;
				DEBUG_INFORMATION_FORMAT = dwarf;
				ENABLE_STRICT_OBJC_MSGSEND = YES;
				ENABLE_TESTABILITY = YES;
				GCC_C_LANGUAGE_STANDARD = gnu11;
				GCC_DYNAMIC_NO_PIC = NO;
				GCC_NO_COMMON_BLOCKS = YES;
				GCC_OPTIMIZATION_LEVEL = 0;
				GCC_PREPROCESSOR_DEFINITIONS = (
					"DEBUG=1",
					"$(inherited)",
				);
				GCC_WARN_64_TO_32_BIT_CONVERSION = YES;
				GCC_WARN_ABOUT_RETURN_TYPE = YES_ERROR;
				GCC_WARN_UNDECLARED_SELECTOR = YES;
				GCC_WARN_UNINITIALIZED_AUTOS = YES_AGGRESSIVE;
				GCC_WARN_UNUSED_FUNCTION = YES;
				GCC_WARN_UNUSED_VARIABLE = YES;
				IPHONEOS_DEPLOYMENT_TARGET = 11.4;
				MTL_ENABLE_DEBUG_INFO = YES;
				ONLY_ACTIVE_ARCH = YES;
				SDKROOT = iphoneos;
			};
			name = Debug;
		};
		EAB9942E20F5597B00E9035A /* Release */ = {
			isa = XCBuildConfiguration;
			buildSettings = {
				ALWAYS_SEARCH_USER_PATHS = NO;
				CLANG_ANALYZER_NONNULL = YES;
				CLANG_ANALYZER_NUMBER_OBJECT_CONVERSION = YES_AGGRESSIVE;
				CLANG_CXX_LANGUAGE_STANDARD = "gnu++14";
				CLANG_CXX_LIBRARY = "libc++";
				CLANG_ENABLE_MODULES = YES;
				CLANG_ENABLE_OBJC_ARC = YES;
				CLANG_ENABLE_OBJC_WEAK = YES;
				CLANG_WARN_BLOCK_CAPTURE_AUTORELEASING = YES;
				CLANG_WARN_BOOL_CONVERSION = YES;
				CLANG_WARN_COMMA = YES;
				CLANG_WARN_CONSTANT_CONVERSION = YES;
				CLANG_WARN_DEPRECATED_OBJC_IMPLEMENTATIONS = YES;
				CLANG_WARN_DIRECT_OBJC_ISA_USAGE = YES_ERROR;
				CLANG_WARN_DOCUMENTATION_COMMENTS = YES;
				CLANG_WARN_EMPTY_BODY = YES;
				CLANG_WARN_ENUM_CONVERSION = YES;
				CLANG_WARN_INFINITE_RECURSION = YES;
				CLANG_WARN_INT_CONVERSION = YES;
				CLANG_WARN_NON_LITERAL_NULL_CONVERSION = YES;
				CLANG_WARN_OBJC_IMPLICIT_RETAIN_SELF = YES;
				CLANG_WARN_OBJC_LITERAL_CONVERSION = YES;
				CLANG_WARN_OBJC_ROOT_CLASS = YES_ERROR;
				CLANG_WARN_RANGE_LOOP_ANALYSIS = YES;
				CLANG_WARN_STRICT_PROTOTYPES = YES;
				CLANG_WARN_SUSPICIOUS_MOVE = YES;
				CLANG_WARN_UNGUARDED_AVAILABILITY = YES_AGGRESSIVE;
				CLANG_WARN_UNREACHABLE_CODE = YES;
				CLANG_WARN__DUPLICATE_METHOD_MATCH = YES;
				CODE_SIGN_IDENTITY = "iPhone Developer";
				COPY_PHASE_STRIP = NO;
				DEBUG_INFORMATION_FORMAT = "dwarf-with-dsym";
				ENABLE_NS_ASSERTIONS = NO;
				ENABLE_STRICT_OBJC_MSGSEND = YES;
				GCC_C_LANGUAGE_STANDARD = gnu11;
				GCC_NO_COMMON_BLOCKS = YES;
				GCC_WARN_64_TO_32_BIT_CONVERSION = YES;
				GCC_WARN_ABOUT_RETURN_TYPE = YES_ERROR;
				GCC_WARN_UNDECLARED_SELECTOR = YES;
				GCC_WARN_UNINITIALIZED_AUTOS = YES_AGGRESSIVE;
				GCC_WARN_UNUSED_FUNCTION = YES;
				GCC_WARN_UNUSED_VARIABLE = YES;
				IPHONEOS_DEPLOYMENT_TARGET = 11.4;
				MTL_ENABLE_DEBUG_INFO = NO;
				SDKROOT = iphoneos;
				VALIDATE_PRODUCT = YES;
			};
			name = Release;
		};
		EAB9943020F5597B00E9035A /* Debug */ = {
			isa = XCBuildConfiguration;
			buildSettings = {
				ASSETCATALOG_COMPILER_APPICON_NAME = AppIcon;
				CODE_SIGN_IDENTITY = "iPhone Developer";
				CODE_SIGN_STYLE = Manual;
				DEVELOPMENT_TEAM = RHFNQZ926Y;
				INFOPLIST_FILE = "iOS-samples/Info.plist";
				LD_RUNPATH_SEARCH_PATHS = (
					"$(inherited)",
					"@executable_path/Frameworks",
				);
				PRODUCT_BUNDLE_IDENTIFIER = "yuta.iOS-samples";
				PRODUCT_NAME = "$(TARGET_NAME)";
				PROVISIONING_PROFILE = "31fa1340-e226-4511-9002-1c42980455a0";
				PROVISIONING_PROFILE_SPECIFIER = AllApplicationDev;
				TARGETED_DEVICE_FAMILY = "1,2";
			};
			name = Debug;
		};
		EAB9943120F5597B00E9035A /* Release */ = {
			isa = XCBuildConfiguration;
			buildSettings = {
				ASSETCATALOG_COMPILER_APPICON_NAME = AppIcon;
				CODE_SIGN_STYLE = Manual;
				DEVELOPMENT_TEAM = RHFNQZ926Y;
				INFOPLIST_FILE = "iOS-samples/Info.plist";
				LD_RUNPATH_SEARCH_PATHS = (
					"$(inherited)",
					"@executable_path/Frameworks",
				);
				PRODUCT_BUNDLE_IDENTIFIER = "yuta.iOS-samples";
				PRODUCT_NAME = "$(TARGET_NAME)";
				PROVISIONING_PROFILE = "31fa1340-e226-4511-9002-1c42980455a0";
				PROVISIONING_PROFILE_SPECIFIER = AllApplicationDev;
				TARGETED_DEVICE_FAMILY = "1,2";
			};
			name = Release;
		};
		EAB9943320F5597B00E9035A /* Debug */ = {
			isa = XCBuildConfiguration;
			buildSettings = {
				BUNDLE_LOADER = "$(TEST_HOST)";
				CODE_SIGN_STYLE = Automatic;
				DEVELOPMENT_TEAM = 48TVR9562Q;
				INFOPLIST_FILE = "iOS-samplesTests/Info.plist";
				LD_RUNPATH_SEARCH_PATHS = (
					"$(inherited)",
					"@executable_path/Frameworks",
					"@loader_path/Frameworks",
				);
				PRODUCT_BUNDLE_IDENTIFIER = "yuta.iOS-samplesTests";
				PRODUCT_NAME = "$(TARGET_NAME)";
				TARGETED_DEVICE_FAMILY = "1,2";
				TEST_HOST = "$(BUILT_PRODUCTS_DIR)/iOS-samples.app/iOS-samples";
			};
			name = Debug;
		};
		EAB9943420F5597B00E9035A /* Release */ = {
			isa = XCBuildConfiguration;
			buildSettings = {
				BUNDLE_LOADER = "$(TEST_HOST)";
				CODE_SIGN_STYLE = Automatic;
				DEVELOPMENT_TEAM = 48TVR9562Q;
				INFOPLIST_FILE = "iOS-samplesTests/Info.plist";
				LD_RUNPATH_SEARCH_PATHS = (
					"$(inherited)",
					"@executable_path/Frameworks",
					"@loader_path/Frameworks",
				);
				PRODUCT_BUNDLE_IDENTIFIER = "yuta.iOS-samplesTests";
				PRODUCT_NAME = "$(TARGET_NAME)";
				TARGETED_DEVICE_FAMILY = "1,2";
				TEST_HOST = "$(BUILT_PRODUCTS_DIR)/iOS-samples.app/iOS-samples";
			};
			name = Release;
		};
		EAB9943620F5597B00E9035A /* Debug */ = {
			isa = XCBuildConfiguration;
			buildSettings = {
				CODE_SIGN_STYLE = Automatic;
				DEVELOPMENT_TEAM = 48TVR9562Q;
				INFOPLIST_FILE = "iOS-samplesUITests/Info.plist";
				LD_RUNPATH_SEARCH_PATHS = (
					"$(inherited)",
					"@executable_path/Frameworks",
					"@loader_path/Frameworks",
				);
				PRODUCT_BUNDLE_IDENTIFIER = "yuta.iOS-samplesUITests";
				PRODUCT_NAME = "$(TARGET_NAME)";
				TARGETED_DEVICE_FAMILY = "1,2";
				TEST_TARGET_NAME = "iOS-samples";
			};
			name = Debug;
		};
		EAB9943720F5597B00E9035A /* Release */ = {
			isa = XCBuildConfiguration;
			buildSettings = {
				CODE_SIGN_STYLE = Automatic;
				DEVELOPMENT_TEAM = 48TVR9562Q;
				INFOPLIST_FILE = "iOS-samplesUITests/Info.plist";
				LD_RUNPATH_SEARCH_PATHS = (
					"$(inherited)",
					"@executable_path/Frameworks",
					"@loader_path/Frameworks",
				);
				PRODUCT_BUNDLE_IDENTIFIER = "yuta.iOS-samplesUITests";
				PRODUCT_NAME = "$(TARGET_NAME)";
				TARGETED_DEVICE_FAMILY = "1,2";
				TEST_TARGET_NAME = "iOS-samples";
			};
			name = Release;
		};
/* End XCBuildConfiguration section */

/* Begin XCConfigurationList section */
		EAB993FE20F5597700E9035A /* Build configuration list for PBXProject "iOS-samples" */ = {
			isa = XCConfigurationList;
			buildConfigurations = (
				EAB9942D20F5597B00E9035A /* Debug */,
				EAB9942E20F5597B00E9035A /* Release */,
			);
			defaultConfigurationIsVisible = 0;
			defaultConfigurationName = Release;
		};
		EAB9942F20F5597B00E9035A /* Build configuration list for PBXNativeTarget "iOS-samples" */ = {
			isa = XCConfigurationList;
			buildConfigurations = (
				EAB9943020F5597B00E9035A /* Debug */,
				EAB9943120F5597B00E9035A /* Release */,
			);
			defaultConfigurationIsVisible = 0;
			defaultConfigurationName = Release;
		};
		EAB9943220F5597B00E9035A /* Build configuration list for PBXNativeTarget "iOS-samplesTests" */ = {
			isa = XCConfigurationList;
			buildConfigurations = (
				EAB9943320F5597B00E9035A /* Debug */,
				EAB9943420F5597B00E9035A /* Release */,
			);
			defaultConfigurationIsVisible = 0;
			defaultConfigurationName = Release;
		};
		EAB9943520F5597B00E9035A /* Build configuration list for PBXNativeTarget "iOS-samplesUITests" */ = {
			isa = XCConfigurationList;
			buildConfigurations = (
				EAB9943620F5597B00E9035A /* Debug */,
				EAB9943720F5597B00E9035A /* Release */,
			);
			defaultConfigurationIsVisible = 0;
			defaultConfigurationName = Release;
		};
/* End XCConfigurationList section */
	};
	rootObject = EAB993FB20F5597700E9035A /* Project object */;
}
